
Microsoft Visual Studio Solution File, Format Version 12.00
# Visual Studio Version 16
VisualStudioVersion = 16.0.29503.13
MinimumVisualStudioVersion = 10.0.40219.1
Project("{9A19103F-16F7-4668-BE54-9A1E7A4F7556}") = "Hermes.Identity", "Hermes.Identity.csproj", "{493C1ACB-5ADE-4846-80FD-9038B9591413}"
EndProject
Project("{FAE04EC0-301F-11D3-BF4B-00C04F79EFBC}") = "Hermes.Identity.Tests", "..\Hermes.Identity.Tests\Hermes.Identity.Tests.csproj", "{D91857E4-E957-463D-9695-F22515AE8B9E}"
EndProject
Global
	GlobalSection(SolutionConfigurationPlatforms) = preSolution
		Debug|Any CPU = Debug|Any CPU
		Release|Any CPU = Release|Any CPU
	EndGlobalSection
	GlobalSection(ProjectConfigurationPlatforms) = postSolution
		{493C1ACB-5ADE-4846-80FD-9038B9591413}.Debug|Any CPU.ActiveCfg = Debug|Any CPU
		{493C1ACB-5ADE-4846-80FD-9038B9591413}.Debug|Any CPU.Build.0 = Debug|Any CPU
		{493C1ACB-5ADE-4846-80FD-9038B9591413}.Release|Any CPU.ActiveCfg = Release|Any CPU
		{493C1ACB-5ADE-4846-80FD-9038B9591413}.Release|Any CPU.Build.0 = Release|Any CPU
		{D91857E4-E957-463D-9695-F22515AE8B9E}.Debug|Any CPU.ActiveCfg = Debug|Any CPU
		{D91857E4-E957-463D-9695-F22515AE8B9E}.Debug|Any CPU.Build.0 = Debug|Any CPU
		{D91857E4-E957-463D-9695-F22515AE8B9E}.Release|Any CPU.ActiveCfg = Release|Any CPU
		{D91857E4-E957-463D-9695-F22515AE8B9E}.Release|Any CPU.Build.0 = Release|Any CPU
	EndGlobalSection
	GlobalSection(SolutionProperties) = preSolution
		HideSolutionNode = FALSE
	EndGlobalSection
	GlobalSection(ExtensibilityGlobals) = postSolution
		SolutionGuid = {27528A9E-FB7C-4DB4-A501-CEF5B0FD2562}
	EndGlobalSection
EndGlobal
